
Microsoft Visual Studio Solution File, Format Version 12.00
# Visual Studio Version 17
VisualStudioVersion = 17.13.35931.197
MinimumVisualStudioVersion = 10.0.40219.1
Project("{FAE04EC0-301F-11D3-BF4B-00C04F79EFBC}") = "EShopService", "EShopService.csproj", "{569BD022-3C82-445C-9EAE-B686FAEA6B4F}"
EndProject
Project("{FAE04EC0-301F-11D3-BF4B-00C04F79EFBC}") = "EShop.Application", "..\EShop.Application\EShop.Application.csproj", "{B347A7BA-E022-4AEF-B0E8-2B7F93455CD6}"
EndProject
Project("{FAE04EC0-301F-11D3-BF4B-00C04F79EFBC}") = "EShop.Application.Tests", "..\EShop.Application.Tests\EShop.Application.Tests.csproj", "{87359425-C69A-400A-A0D0-904FC2C8C916}"
EndProject
Global
	GlobalSection(SolutionConfigurationPlatforms) = preSolution
		Debug|Any CPU = Debug|Any CPU
		Release|Any CPU = Release|Any CPU
	EndGlobalSection
	GlobalSection(ProjectConfigurationPlatforms) = postSolution
		{569BD022-3C82-445C-9EAE-B686FAEA6B4F}.Debug|Any CPU.ActiveCfg = Debug|Any CPU
		{569BD022-3C82-445C-9EAE-B686FAEA6B4F}.Debug|Any CPU.Build.0 = Debug|Any CPU
		{569BD022-3C82-445C-9EAE-B686FAEA6B4F}.Release|Any CPU.ActiveCfg = Release|Any CPU
		{569BD022-3C82-445C-9EAE-B686FAEA6B4F}.Release|Any CPU.Build.0 = Release|Any CPU
		{B347A7BA-E022-4AEF-B0E8-2B7F93455CD6}.Debug|Any CPU.ActiveCfg = Debug|Any CPU
		{B347A7BA-E022-4AEF-B0E8-2B7F93455CD6}.Debug|Any CPU.Build.0 = Debug|Any CPU
		{B347A7BA-E022-4AEF-B0E8-2B7F93455CD6}.Release|Any CPU.ActiveCfg = Release|Any CPU
		{B347A7BA-E022-4AEF-B0E8-2B7F93455CD6}.Release|Any CPU.Build.0 = Release|Any CPU
		{87359425-C69A-400A-A0D0-904FC2C8C916}.Debug|Any CPU.ActiveCfg = Debug|Any CPU
		{87359425-C69A-400A-A0D0-904FC2C8C916}.Debug|Any CPU.Build.0 = Debug|Any CPU
		{87359425-C69A-400A-A0D0-904FC2C8C916}.Release|Any CPU.ActiveCfg = Release|Any CPU
		{87359425-C69A-400A-A0D0-904FC2C8C916}.Release|Any CPU.Build.0 = Release|Any CPU
	EndGlobalSection
	GlobalSection(SolutionProperties) = preSolution
		HideSolutionNode = FALSE
	EndGlobalSection
	GlobalSection(ExtensibilityGlobals) = postSolution
		SolutionGuid = {2EF651F7-A3FD-4E8D-92F6-C23CA1B17777}
	EndGlobalSection
EndGlobal
